
Microsoft Visual Studio Solution File, Format Version 12.00
# Visual Studio Version 17
VisualStudioVersion = 17.8.34322.80
MinimumVisualStudioVersion = 10.0.40219.1
Project("{FAE04EC0-301F-11D3-BF4B-00C04F79EFBC}") = "Assignment3_Nidhi", "Assignment3_Nidhi\Assignment3_Nidhi.csproj", "{D878B548-D6F4-42B3-B935-46672D564B5D}"
EndProject
Global
	GlobalSection(SolutionConfigurationPlatforms) = preSolution
		Debug|Any CPU = Debug|Any CPU
		Release|Any CPU = Release|Any CPU
	EndGlobalSection
	GlobalSection(ProjectConfigurationPlatforms) = postSolution
		{D878B548-D6F4-42B3-B935-46672D564B5D}.Debug|Any CPU.ActiveCfg = Debug|Any CPU
		{D878B548-D6F4-42B3-B935-46672D564B5D}.Debug|Any CPU.Build.0 = Debug|Any CPU
		{D878B548-D6F4-42B3-B935-46672D564B5D}.Release|Any CPU.ActiveCfg = Release|Any CPU
		{D878B548-D6F4-42B3-B935-46672D564B5D}.Release|Any CPU.Build.0 = Release|Any CPU
	EndGlobalSection
	GlobalSection(SolutionProperties) = preSolution
		HideSolutionNode = FALSE
	EndGlobalSection
	GlobalSection(ExtensibilityGlobals) = postSolution
		SolutionGuid = {9E857C82-0ABE-4240-B2AF-5526A3E5C985}
	EndGlobalSection
EndGlobal
